// !$*UTF8*$!
{
	archiveVersion = 1;
	classes = {
	};
	objectVersion = 56;
	objects = {

/* Begin PBXBuildFile section */
		45AC940F2CB07114005BF350 /* ToneGenerator.swift in Sources */ = {isa = PBXBuildFile; fileRef = 45AC940E2CB07104005BF350 /* ToneGenerator.swift */; };
		8D20365A2CA7356100C0D556 /* AppDelegate.swift in Sources */ = {isa = PBXBuildFile; fileRef = 8D2036592CA7356100C0D556 /* AppDelegate.swift */; };
		8D20365C2CA7356100C0D556 /* SceneDelegate.swift in Sources */ = {isa = PBXBuildFile; fileRef = 8D20365B2CA7356100C0D556 /* SceneDelegate.swift */; };
		8D20365E2CA7356100C0D556 /* LandingViewController.swift in Sources */ = {isa = PBXBuildFile; fileRef = 8D20365D2CA7356100C0D556 /* LandingViewController.swift */; };
		8D2036612CA7356100C0D556 /* Base in Resources */ = {isa = PBXBuildFile; fileRef = 8D2036602CA7356100C0D556 /* Base */; };
		8D2036632CA7356200C0D556 /* Assets.xcassets in Resources */ = {isa = PBXBuildFile; fileRef = 8D2036622CA7356200C0D556 /* Assets.xcassets */; };
		8D2036662CA7356200C0D556 /* Base in Resources */ = {isa = PBXBuildFile; fileRef = 8D2036652CA7356200C0D556 /* Base */; };
		8D4F49642CB36E8400D892AA /* AudioModel.swift in Sources */ = {isa = PBXBuildFile; fileRef = 8D4F49632CB36E8400D892AA /* AudioModel.swift */; };
		8D4F49672CB36EBA00D892AA /* Novocaine.m in Sources */ = {isa = PBXBuildFile; fileRef = 8D4F49662CB36EBA00D892AA /* Novocaine.m */; };
		8D4F496A2CB36EFD00D892AA /* FFTHelper.m in Sources */ = {isa = PBXBuildFile; fileRef = 8D4F49692CB36EFD00D892AA /* FFTHelper.m */; };
		8D4F496D2CB3705E00D892AA /* CircularBuffer.m in Sources */ = {isa = PBXBuildFile; fileRef = 8D4F496C2CB3705E00D892AA /* CircularBuffer.m */; };
		8D4F49702CB3707D00D892AA /* AudioFileReader.m in Sources */ = {isa = PBXBuildFile; fileRef = 8D4F496F2CB3707D00D892AA /* AudioFileReader.m */; };
		8DB3A14D2CA73F6900EDA793 /* ModuleAViewController.swift in Sources */ = {isa = PBXBuildFile; fileRef = 8DB3A14C2CA73F6900EDA793 /* ModuleAViewController.swift */; };
		8DB3A14F2CA73F7C00EDA793 /* ModuleBViewController.swift in Sources */ = {isa = PBXBuildFile; fileRef = 8DB3A14E2CA73F7C00EDA793 /* ModuleBViewController.swift */; };
/* End PBXBuildFile section */

/* Begin PBXFileReference section */
		45AC940E2CB07104005BF350 /* ToneGenerator.swift */ = {isa = PBXFileReference; lastKnownFileType = sourcecode.swift; path = ToneGenerator.swift; sourceTree = "<group>"; };
		8D2036562CA7356000C0D556 /* 7323Assignment2.app */ = {isa = PBXFileReference; explicitFileType = wrapper.application; includeInIndex = 0; path = 7323Assignment2.app; sourceTree = BUILT_PRODUCTS_DIR; };
		8D2036592CA7356100C0D556 /* AppDelegate.swift */ = {isa = PBXFileReference; lastKnownFileType = sourcecode.swift; path = AppDelegate.swift; sourceTree = "<group>"; };
		8D20365B2CA7356100C0D556 /* SceneDelegate.swift */ = {isa = PBXFileReference; lastKnownFileType = sourcecode.swift; path = SceneDelegate.swift; sourceTree = "<group>"; };
		8D20365D2CA7356100C0D556 /* LandingViewController.swift */ = {isa = PBXFileReference; lastKnownFileType = sourcecode.swift; path = LandingViewController.swift; sourceTree = "<group>"; };
		8D2036602CA7356100C0D556 /* Base */ = {isa = PBXFileReference; lastKnownFileType = file.storyboard; name = Base; path = Base.lproj/Main.storyboard; sourceTree = "<group>"; };
		8D2036622CA7356200C0D556 /* Assets.xcassets */ = {isa = PBXFileReference; lastKnownFileType = folder.assetcatalog; path = Assets.xcassets; sourceTree = "<group>"; };
		8D2036652CA7356200C0D556 /* Base */ = {isa = PBXFileReference; lastKnownFileType = file.storyboard; name = Base; path = Base.lproj/LaunchScreen.storyboard; sourceTree = "<group>"; };
		8D2036672CA7356200C0D556 /* Info.plist */ = {isa = PBXFileReference; lastKnownFileType = text.plist.xml; path = Info.plist; sourceTree = "<group>"; };
		8D21B4A32CB0CF4600542E03 /* 7323Assignment2-Bridging-Header.h */ = {isa = PBXFileReference; lastKnownFileType = sourcecode.c.h; path = "7323Assignment2-Bridging-Header.h"; sourceTree = "<group>"; };
		8D4F49632CB36E8400D892AA /* AudioModel.swift */ = {isa = PBXFileReference; lastKnownFileType = sourcecode.swift; path = AudioModel.swift; sourceTree = "<group>"; };
		8D4F49652CB36EA800D892AA /* Novocaine.h */ = {isa = PBXFileReference; lastKnownFileType = sourcecode.c.h; path = Novocaine.h; sourceTree = "<group>"; };
		8D4F49662CB36EBA00D892AA /* Novocaine.m */ = {isa = PBXFileReference; lastKnownFileType = sourcecode.c.objc; path = Novocaine.m; sourceTree = "<group>"; };
		8D4F49682CB36EF400D892AA /* FFTHelper.h */ = {isa = PBXFileReference; lastKnownFileType = sourcecode.c.h; path = FFTHelper.h; sourceTree = "<group>"; };
		8D4F49692CB36EFD00D892AA /* FFTHelper.m */ = {isa = PBXFileReference; lastKnownFileType = sourcecode.c.objc; path = FFTHelper.m; sourceTree = "<group>"; };
		8D4F496B2CB3705700D892AA /* CircularBuffer.h */ = {isa = PBXFileReference; lastKnownFileType = sourcecode.c.h; path = CircularBuffer.h; sourceTree = "<group>"; };
		8D4F496C2CB3705E00D892AA /* CircularBuffer.m */ = {isa = PBXFileReference; lastKnownFileType = sourcecode.c.objc; path = CircularBuffer.m; sourceTree = "<group>"; };
		8D4F496E2CB3707700D892AA /* AudioFileReader.h */ = {isa = PBXFileReference; lastKnownFileType = sourcecode.c.h; path = AudioFileReader.h; sourceTree = "<group>"; };
		8D4F496F2CB3707D00D892AA /* AudioFileReader.m */ = {isa = PBXFileReference; lastKnownFileType = sourcecode.c.objc; path = AudioFileReader.m; sourceTree = "<group>"; };
		8DB3A14C2CA73F6900EDA793 /* ModuleAViewController.swift */ = {isa = PBXFileReference; lastKnownFileType = sourcecode.swift; path = ModuleAViewController.swift; sourceTree = "<group>"; };
		8DB3A14E2CA73F7C00EDA793 /* ModuleBViewController.swift */ = {isa = PBXFileReference; lastKnownFileType = sourcecode.swift; path = ModuleBViewController.swift; sourceTree = "<group>"; };
/* End PBXFileReference section */

/* Begin PBXFrameworksBuildPhase section */
		8D2036532CA7356000C0D556 /* Frameworks */ = {
			isa = PBXFrameworksBuildPhase;
			buildActionMask = 2147483647;
			files = (
			);
			runOnlyForDeploymentPostprocessing = 0;
		};
/* End PBXFrameworksBuildPhase section */

/* Begin PBXGroup section */
		8D20364D2CA7356000C0D556 = {
			isa = PBXGroup;
			children = (
				8D2036582CA7356000C0D556 /* 7323Assignment2 */,
				8D2036572CA7356000C0D556 /* Products */,
			);
			sourceTree = "<group>";
		};
		8D2036572CA7356000C0D556 /* Products */ = {
			isa = PBXGroup;
			children = (
				8D2036562CA7356000C0D556 /* 7323Assignment2.app */,
			);
			name = Products;
			sourceTree = "<group>";
		};
		8D2036582CA7356000C0D556 /* 7323Assignment2 */ = {
			isa = PBXGroup;
			children = (
				8D2036592CA7356100C0D556 /* AppDelegate.swift */,
				8D20365B2CA7356100C0D556 /* SceneDelegate.swift */,
				45AC940E2CB07104005BF350 /* ToneGenerator.swift */,
				8D20365D2CA7356100C0D556 /* LandingViewController.swift */,
				8DB3A14C2CA73F6900EDA793 /* ModuleAViewController.swift */,
				8DB3A14E2CA73F7C00EDA793 /* ModuleBViewController.swift */,
				8D4F49632CB36E8400D892AA /* AudioModel.swift */,
				8D4F49652CB36EA800D892AA /* Novocaine.h */,
				8D4F49662CB36EBA00D892AA /* Novocaine.m */,
				8D4F49682CB36EF400D892AA /* FFTHelper.h */,
				8D4F49692CB36EFD00D892AA /* FFTHelper.m */,
				8D4F496B2CB3705700D892AA /* CircularBuffer.h */,
				8D4F496C2CB3705E00D892AA /* CircularBuffer.m */,
				8D4F496E2CB3707700D892AA /* AudioFileReader.h */,
				8D4F496F2CB3707D00D892AA /* AudioFileReader.m */,
				8D20365F2CA7356100C0D556 /* Main.storyboard */,
				8D2036622CA7356200C0D556 /* Assets.xcassets */,
				8D2036642CA7356200C0D556 /* LaunchScreen.storyboard */,
				8D2036672CA7356200C0D556 /* Info.plist */,
				8D21B4A32CB0CF4600542E03 /* 7323Assignment2-Bridging-Header.h */,
			);
			path = 7323Assignment2;
			sourceTree = "<group>";
		};
/* End PBXGroup section */

/* Begin PBXNativeTarget section */
		8D2036552CA7356000C0D556 /* 7323Assignment2 */ = {
			isa = PBXNativeTarget;
			buildConfigurationList = 8D20366A2CA7356200C0D556 /* Build configuration list for PBXNativeTarget "7323Assignment2" */;
			buildPhases = (
				8D2036522CA7356000C0D556 /* Sources */,
				8D2036532CA7356000C0D556 /* Frameworks */,
				8D2036542CA7356000C0D556 /* Resources */,
			);
			buildRules = (
			);
			dependencies = (
			);
			name = 7323Assignment2;
			productName = 7323Assignment2;
			productReference = 8D2036562CA7356000C0D556 /* 7323Assignment2.app */;
			productType = "com.apple.product-type.application";
		};
/* End PBXNativeTarget section */

/* Begin PBXProject section */
		8D20364E2CA7356000C0D556 /* Project object */ = {
			isa = PBXProject;
			attributes = {
				BuildIndependentTargetsInParallel = 1;
				LastSwiftUpdateCheck = 1540;
				LastUpgradeCheck = 1540;
				TargetAttributes = {
					8D2036552CA7356000C0D556 = {
						CreatedOnToolsVersion = 15.4;
					};
				};
			};
			buildConfigurationList = 8D2036512CA7356000C0D556 /* Build configuration list for PBXProject "7323Assignment2" */;
			compatibilityVersion = "Xcode 14.0";
			developmentRegion = en;
			hasScannedForEncodings = 0;
			knownRegions = (
				en,
				Base,
			);
			mainGroup = 8D20364D2CA7356000C0D556;
			productRefGroup = 8D2036572CA7356000C0D556 /* Products */;
			projectDirPath = "";
			projectRoot = "";
			targets = (
				8D2036552CA7356000C0D556 /* 7323Assignment2 */,
			);
		};
/* End PBXProject section */

/* Begin PBXResourcesBuildPhase section */
		8D2036542CA7356000C0D556 /* Resources */ = {
			isa = PBXResourcesBuildPhase;
			buildActionMask = 2147483647;
			files = (
				8D2036632CA7356200C0D556 /* Assets.xcassets in Resources */,
				8D2036662CA7356200C0D556 /* Base in Resources */,
				8D2036612CA7356100C0D556 /* Base in Resources */,
			);
			runOnlyForDeploymentPostprocessing = 0;
		};
/* End PBXResourcesBuildPhase section */

/* Begin PBXSourcesBuildPhase section */
		8D2036522CA7356000C0D556 /* Sources */ = {
			isa = PBXSourcesBuildPhase;
			buildActionMask = 2147483647;
			files = (
				8D4F496D2CB3705E00D892AA /* CircularBuffer.m in Sources */,
				8DB3A14D2CA73F6900EDA793 /* ModuleAViewController.swift in Sources */,
				45AC940F2CB07114005BF350 /* ToneGenerator.swift in Sources */,
				8D20365E2CA7356100C0D556 /* LandingViewController.swift in Sources */,
				8DB3A14F2CA73F7C00EDA793 /* ModuleBViewController.swift in Sources */,
				8D20365A2CA7356100C0D556 /* AppDelegate.swift in Sources */,
				8D4F496A2CB36EFD00D892AA /* FFTHelper.m in Sources */,
				8D4F49642CB36E8400D892AA /* AudioModel.swift in Sources */,
				8D4F49702CB3707D00D892AA /* AudioFileReader.m in Sources */,
				8D4F49672CB36EBA00D892AA /* Novocaine.m in Sources */,
				8D20365C2CA7356100C0D556 /* SceneDelegate.swift in Sources */,
			);
			runOnlyForDeploymentPostprocessing = 0;
		};
/* End PBXSourcesBuildPhase section */

/* Begin PBXVariantGroup section */
		8D20365F2CA7356100C0D556 /* Main.storyboard */ = {
			isa = PBXVariantGroup;
			children = (
				8D2036602CA7356100C0D556 /* Base */,
			);
			name = Main.storyboard;
			sourceTree = "<group>";
		};
		8D2036642CA7356200C0D556 /* LaunchScreen.storyboard */ = {
			isa = PBXVariantGroup;
			children = (
				8D2036652CA7356200C0D556 /* Base */,
			);
			name = LaunchScreen.storyboard;
			sourceTree = "<group>";
		};
/* End PBXVariantGroup section */

/* Begin XCBuildConfiguration section */
		8D2036682CA7356200C0D556 /* Debug */ = {
			isa = XCBuildConfiguration;
			buildSettings = {
				ALWAYS_SEARCH_USER_PATHS = NO;
				ASSETCATALOG_COMPILER_GENERATE_SWIFT_ASSET_SYMBOL_EXTENSIONS = YES;
				CLANG_ANALYZER_NONNULL = YES;
				CLANG_ANALYZER_NUMBER_OBJECT_CONVERSION = YES_AGGRESSIVE;
				CLANG_CXX_LANGUAGE_STANDARD = "gnu++20";
				CLANG_ENABLE_MODULES = YES;
				CLANG_ENABLE_OBJC_ARC = YES;
				CLANG_ENABLE_OBJC_WEAK = YES;
				CLANG_WARN_BLOCK_CAPTURE_AUTORELEASING = YES;
				CLANG_WARN_BOOL_CONVERSION = YES;
				CLANG_WARN_COMMA = YES;
				CLANG_WARN_CONSTANT_CONVERSION = YES;
				CLANG_WARN_DEPRECATED_OBJC_IMPLEMENTATIONS = YES;
				CLANG_WARN_DIRECT_OBJC_ISA_USAGE = YES_ERROR;
				CLANG_WARN_DOCUMENTATION_COMMENTS = YES;
				CLANG_WARN_EMPTY_BODY = YES;
				CLANG_WARN_ENUM_CONVERSION = YES;
				CLANG_WARN_INFINITE_RECURSION = YES;
				CLANG_WARN_INT_CONVERSION = YES;
				CLANG_WARN_NON_LITERAL_NULL_CONVERSION = YES;
				CLANG_WARN_OBJC_IMPLICIT_RETAIN_SELF = YES;
				CLANG_WARN_OBJC_LITERAL_CONVERSION = YES;
				CLANG_WARN_OBJC_ROOT_CLASS = YES_ERROR;
				CLANG_WARN_QUOTED_INCLUDE_IN_FRAMEWORK_HEADER = YES;
				CLANG_WARN_RANGE_LOOP_ANALYSIS = YES;
				CLANG_WARN_STRICT_PROTOTYPES = YES;
				CLANG_WARN_SUSPICIOUS_MOVE = YES;
				CLANG_WARN_UNGUARDED_AVAILABILITY = YES_AGGRESSIVE;
				CLANG_WARN_UNREACHABLE_CODE = YES;
				CLANG_WARN__DUPLICATE_METHOD_MATCH = YES;
				COPY_PHASE_STRIP = NO;
				DEBUG_INFORMATION_FORMAT = dwarf;
				ENABLE_STRICT_OBJC_MSGSEND = YES;
				ENABLE_TESTABILITY = YES;
				ENABLE_USER_SCRIPT_SANDBOXING = YES;
				GCC_C_LANGUAGE_STANDARD = gnu17;
				GCC_DYNAMIC_NO_PIC = NO;
				GCC_NO_COMMON_BLOCKS = YES;
				GCC_OPTIMIZATION_LEVEL = 0;
				GCC_PREPROCESSOR_DEFINITIONS = (
					"DEBUG=1",
					"$(inherited)",
				);
				GCC_WARN_64_TO_32_BIT_CONVERSION = YES;
				GCC_WARN_ABOUT_RETURN_TYPE = YES_ERROR;
				GCC_WARN_UNDECLARED_SELECTOR = YES;
				GCC_WARN_UNINITIALIZED_AUTOS = YES_AGGRESSIVE;
				GCC_WARN_UNUSED_FUNCTION = YES;
				GCC_WARN_UNUSED_VARIABLE = YES;
				IPHONEOS_DEPLOYMENT_TARGET = 17.5;
				LOCALIZATION_PREFERS_STRING_CATALOGS = YES;
				MTL_ENABLE_DEBUG_INFO = INCLUDE_SOURCE;
				MTL_FAST_MATH = YES;
				ONLY_ACTIVE_ARCH = YES;
				SDKROOT = iphoneos;
				SWIFT_ACTIVE_COMPILATION_CONDITIONS = "DEBUG $(inherited)";
				SWIFT_OPTIMIZATION_LEVEL = "-Onone";
			};
			name = Debug;
		};
		8D2036692CA7356200C0D556 /* Release */ = {
			isa = XCBuildConfiguration;
			buildSettings = {
				ALWAYS_SEARCH_USER_PATHS = NO;
				ASSETCATALOG_COMPILER_GENERATE_SWIFT_ASSET_SYMBOL_EXTENSIONS = YES;
				CLANG_ANALYZER_NONNULL = YES;
				CLANG_ANALYZER_NUMBER_OBJECT_CONVERSION = YES_AGGRESSIVE;
				CLANG_CXX_LANGUAGE_STANDARD = "gnu++20";
				CLANG_ENABLE_MODULES = YES;
				CLANG_ENABLE_OBJC_ARC = YES;
				CLANG_ENABLE_OBJC_WEAK = YES;
				CLANG_WARN_BLOCK_CAPTURE_AUTORELEASING = YES;
				CLANG_WARN_BOOL_CONVERSION = YES;
				CLANG_WARN_COMMA = YES;
				CLANG_WARN_CONSTANT_CONVERSION = YES;
				CLANG_WARN_DEPRECATED_OBJC_IMPLEMENTATIONS = YES;
				CLANG_WARN_DIRECT_OBJC_ISA_USAGE = YES_ERROR;
				CLANG_WARN_DOCUMENTATION_COMMENTS = YES;
				CLANG_WARN_EMPTY_BODY = YES;
				CLANG_WARN_ENUM_CONVERSION = YES;
				CLANG_WARN_INFINITE_RECURSION = YES;
				CLANG_WARN_INT_CONVERSION = YES;
				CLANG_WARN_NON_LITERAL_NULL_CONVERSION = YES;
				CLANG_WARN_OBJC_IMPLICIT_RETAIN_SELF = YES;
				CLANG_WARN_OBJC_LITERAL_CONVERSION = YES;
				CLANG_WARN_OBJC_ROOT_CLASS = YES_ERROR;
				CLANG_WARN_QUOTED_INCLUDE_IN_FRAMEWORK_HEADER = YES;
				CLANG_WARN_RANGE_LOOP_ANALYSIS = YES;
				CLANG_WARN_STRICT_PROTOTYPES = YES;
				CLANG_WARN_SUSPICIOUS_MOVE = YES;
				CLANG_WARN_UNGUARDED_AVAILABILITY = YES_AGGRESSIVE;
				CLANG_WARN_UNREACHABLE_CODE = YES;
				CLANG_WARN__DUPLICATE_METHOD_MATCH = YES;
				COPY_PHASE_STRIP = NO;
				DEBUG_INFORMATION_FORMAT = "dwarf-with-dsym";
				ENABLE_NS_ASSERTIONS = NO;
				ENABLE_STRICT_OBJC_MSGSEND = YES;
				ENABLE_USER_SCRIPT_SANDBOXING = YES;
				GCC_C_LANGUAGE_STANDARD = gnu17;
				GCC_NO_COMMON_BLOCKS = YES;
				GCC_WARN_64_TO_32_BIT_CONVERSION = YES;
				GCC_WARN_ABOUT_RETURN_TYPE = YES_ERROR;
				GCC_WARN_UNDECLARED_SELECTOR = YES;
				GCC_WARN_UNINITIALIZED_AUTOS = YES_AGGRESSIVE;
				GCC_WARN_UNUSED_FUNCTION = YES;
				GCC_WARN_UNUSED_VARIABLE = YES;
				IPHONEOS_DEPLOYMENT_TARGET = 17.5;
				LOCALIZATION_PREFERS_STRING_CATALOGS = YES;
				MTL_ENABLE_DEBUG_INFO = NO;
				MTL_FAST_MATH = YES;
				SDKROOT = iphoneos;
				SWIFT_COMPILATION_MODE = wholemodule;
				VALIDATE_PRODUCT = YES;
			};
			name = Release;
		};
		8D20366B2CA7356200C0D556 /* Debug */ = {
			isa = XCBuildConfiguration;
			buildSettings = {
				ASSETCATALOG_COMPILER_APPICON_NAME = AppIcon;
				ASSETCATALOG_COMPILER_GLOBAL_ACCENT_COLOR_NAME = AccentColor;
				CODE_SIGN_STYLE = Automatic;
				CURRENT_PROJECT_VERSION = 1;
				DEVELOPMENT_TEAM = Q77SRCSMTX;
				GENERATE_INFOPLIST_FILE = YES;
				INFOPLIST_FILE = 7323Assignment2/Info.plist;
				INFOPLIST_KEY_NSMicrophoneUsageDescription = "This app needs access to the microphone for audio analysis.";
				INFOPLIST_KEY_UIApplicationSupportsIndirectInputEvents = YES;
				INFOPLIST_KEY_UILaunchStoryboardName = LaunchScreen;
				INFOPLIST_KEY_UIMainStoryboardFile = Main;
				INFOPLIST_KEY_UISupportedInterfaceOrientations_iPad = "UIInterfaceOrientationPortrait UIInterfaceOrientationPortraitUpsideDown UIInterfaceOrientationLandscapeLeft UIInterfaceOrientationLandscapeRight";
				INFOPLIST_KEY_UISupportedInterfaceOrientations_iPhone = "UIInterfaceOrientationPortrait UIInterfaceOrientationLandscapeLeft UIInterfaceOrientationLandscapeRight";
				IPHONEOS_DEPLOYMENT_TARGET = 17.5;
				LD_RUNPATH_SEARCH_PATHS = (
					"$(inherited)",
					"@executable_path/Frameworks",
				);
				MARKETING_VERSION = 1.0;
				PRODUCT_BUNDLE_IDENTIFIER = "-323tongli";
				PRODUCT_NAME = "$(TARGET_NAME)";
				SWIFT_EMIT_LOC_STRINGS = YES;
				"SWIFT_OBJC_BRIDGING_HEADER[arch=*]" = "7323Assignment2/7323Assignment2-Bridging-Header.h";
				SWIFT_VERSION = 5.0;
				TARGETED_DEVICE_FAMILY = "1,2";
			};
			name = Debug;
		};
		8D20366C2CA7356200C0D556 /* Release */ = {
			isa = XCBuildConfiguration;
			buildSettings = {
				ASSETCATALOG_COMPILER_APPICON_NAME = AppIcon;
				ASSETCATALOG_COMPILER_GLOBAL_ACCENT_COLOR_NAME = AccentColor;
				CODE_SIGN_STYLE = Automatic;
				CURRENT_PROJECT_VERSION = 1;
				DEVELOPMENT_TEAM = Q77SRCSMTX;
				GENERATE_INFOPLIST_FILE = YES;
				INFOPLIST_FILE = 7323Assignment2/Info.plist;
				INFOPLIST_KEY_NSMicrophoneUsageDescription = "This app needs access to the microphone for audio analysis.";
				INFOPLIST_KEY_UIApplicationSupportsIndirectInputEvents = YES;
				INFOPLIST_KEY_UILaunchStoryboardName = LaunchScreen;
				INFOPLIST_KEY_UIMainStoryboardFile = Main;
				INFOPLIST_KEY_UISupportedInterfaceOrientations_iPad = "UIInterfaceOrientationPortrait UIInterfaceOrientationPortraitUpsideDown UIInterfaceOrientationLandscapeLeft UIInterfaceOrientationLandscapeRight";
				INFOPLIST_KEY_UISupportedInterfaceOrientations_iPhone = "UIInterfaceOrientationPortrait UIInterfaceOrientationLandscapeLeft UIInterfaceOrientationLandscapeRight";
				IPHONEOS_DEPLOYMENT_TARGET = 17.5;
				LD_RUNPATH_SEARCH_PATHS = (
					"$(inherited)",
					"@executable_path/Frameworks",
				);
				MARKETING_VERSION = 1.0;
				PRODUCT_BUNDLE_IDENTIFIER = "-323tongli";
				PRODUCT_NAME = "$(TARGET_NAME)";
				SWIFT_EMIT_LOC_STRINGS = YES;
				"SWIFT_OBJC_BRIDGING_HEADER[arch=*]" = "7323Assignment2/7323Assignment2-Bridging-Header.h";
				SWIFT_VERSION = 5.0;
				TARGETED_DEVICE_FAMILY = "1,2";
			};
			name = Release;
		};
/* End XCBuildConfiguration section */

/* Begin XCConfigurationList section */
		8D2036512CA7356000C0D556 /* Build configuration list for PBXProject "7323Assignment2" */ = {
			isa = XCConfigurationList;
			buildConfigurations = (
				8D2036682CA7356200C0D556 /* Debug */,
				8D2036692CA7356200C0D556 /* Release */,
			);
			defaultConfigurationIsVisible = 0;
			defaultConfigurationName = Release;
		};
		8D20366A2CA7356200C0D556 /* Build configuration list for PBXNativeTarget "7323Assignment2" */ = {
			isa = XCConfigurationList;
			buildConfigurations = (
				8D20366B2CA7356200C0D556 /* Debug */,
				8D20366C2CA7356200C0D556 /* Release */,
			);
			defaultConfigurationIsVisible = 0;
			defaultConfigurationName = Release;
		};
/* End XCConfigurationList section */
	};
	rootObject = 8D20364E2CA7356000C0D556 /* Project object */;
}
